
Microsoft Visual Studio Solution File, Format Version 12.00
# Visual Studio Version 16
VisualStudioVersion = 16.0.29519.87
MinimumVisualStudioVersion = 10.0.40219.1
Project("{FAE04EC0-301F-11D3-BF4B-00C04F79EFBC}") = "NuevoExamen2", "NuevoExamen2\NuevoExamen2.csproj", "{DE0EB5FE-9559-4A64-8444-4AFCA31BCBA1}"
EndProject
Global
	GlobalSection(SolutionConfigurationPlatforms) = preSolution
		Debug|Any CPU = Debug|Any CPU
		Release|Any CPU = Release|Any CPU
	EndGlobalSection
	GlobalSection(ProjectConfigurationPlatforms) = postSolution
		{DE0EB5FE-9559-4A64-8444-4AFCA31BCBA1}.Debug|Any CPU.ActiveCfg = Debug|Any CPU
		{DE0EB5FE-9559-4A64-8444-4AFCA31BCBA1}.Debug|Any CPU.Build.0 = Debug|Any CPU
		{DE0EB5FE-9559-4A64-8444-4AFCA31BCBA1}.Release|Any CPU.ActiveCfg = Release|Any CPU
		{DE0EB5FE-9559-4A64-8444-4AFCA31BCBA1}.Release|Any CPU.Build.0 = Release|Any CPU
	EndGlobalSection
	GlobalSection(SolutionProperties) = preSolution
		HideSolutionNode = FALSE
	EndGlobalSection
	GlobalSection(ExtensibilityGlobals) = postSolution
		SolutionGuid = {D0D49590-4301-4403-A170-124F00E487BB}
	EndGlobalSection
EndGlobal
