
Microsoft Visual Studio Solution File, Format Version 12.00
# Visual Studio Version 16
VisualStudioVersion = 16.0.29519.87
MinimumVisualStudioVersion = 10.0.40219.1
Project("{FAE04EC0-301F-11D3-BF4B-00C04F79EFBC}") = "03Datos", "03Datos\03Datos.csproj", "{15002748-E75E-4B1E-B464-8E93E894530F}"
EndProject
Global
	GlobalSection(SolutionConfigurationPlatforms) = preSolution
		Debug|Any CPU = Debug|Any CPU
		Release|Any CPU = Release|Any CPU
	EndGlobalSection
	GlobalSection(ProjectConfigurationPlatforms) = postSolution
		{15002748-E75E-4B1E-B464-8E93E894530F}.Debug|Any CPU.ActiveCfg = Debug|Any CPU
		{15002748-E75E-4B1E-B464-8E93E894530F}.Debug|Any CPU.Build.0 = Debug|Any CPU
		{15002748-E75E-4B1E-B464-8E93E894530F}.Release|Any CPU.ActiveCfg = Release|Any CPU
		{15002748-E75E-4B1E-B464-8E93E894530F}.Release|Any CPU.Build.0 = Release|Any CPU
	EndGlobalSection
	GlobalSection(SolutionProperties) = preSolution
		HideSolutionNode = FALSE
	EndGlobalSection
	GlobalSection(ExtensibilityGlobals) = postSolution
		SolutionGuid = {2E917F51-4C99-4A4F-9095-E2CC4FCCA8E4}
	EndGlobalSection
EndGlobal
