
Microsoft Visual Studio Solution File, Format Version 12.00
# Visual Studio 15
VisualStudioVersion = 15.0.28307.852
MinimumVisualStudioVersion = 10.0.40219.1
Project("{FAE04EC0-301F-11D3-BF4B-00C04F79EFBC}") = "EJER2", "EJER2\EJER2.csproj", "{840D6270-C715-4B2E-9AF1-4217B7B7BF68}"
EndProject
Global
	GlobalSection(SolutionConfigurationPlatforms) = preSolution
		Debug|Any CPU = Debug|Any CPU
		Release|Any CPU = Release|Any CPU
	EndGlobalSection
	GlobalSection(ProjectConfigurationPlatforms) = postSolution
		{840D6270-C715-4B2E-9AF1-4217B7B7BF68}.Debug|Any CPU.ActiveCfg = Debug|Any CPU
		{840D6270-C715-4B2E-9AF1-4217B7B7BF68}.Debug|Any CPU.Build.0 = Debug|Any CPU
		{840D6270-C715-4B2E-9AF1-4217B7B7BF68}.Release|Any CPU.ActiveCfg = Release|Any CPU
		{840D6270-C715-4B2E-9AF1-4217B7B7BF68}.Release|Any CPU.Build.0 = Release|Any CPU
	EndGlobalSection
	GlobalSection(SolutionProperties) = preSolution
		HideSolutionNode = FALSE
	EndGlobalSection
	GlobalSection(ExtensibilityGlobals) = postSolution
		SolutionGuid = {BC426DFD-0995-4CBB-AA4A-2E328380E24A}
	EndGlobalSection
EndGlobal
