
Microsoft Visual Studio Solution File, Format Version 12.00
# Visual Studio 15
VisualStudioVersion = 15.0.28307.852
MinimumVisualStudioVersion = 10.0.40219.1
Project("{FAE04EC0-301F-11D3-BF4B-00C04F79EFBC}") = "Ejer5", "Ejer5\Ejer5.csproj", "{FDA464DC-20B9-4CB5-B8EF-F5E23B067E2E}"
EndProject
Global
	GlobalSection(SolutionConfigurationPlatforms) = preSolution
		Debug|Any CPU = Debug|Any CPU
		Release|Any CPU = Release|Any CPU
	EndGlobalSection
	GlobalSection(ProjectConfigurationPlatforms) = postSolution
		{FDA464DC-20B9-4CB5-B8EF-F5E23B067E2E}.Debug|Any CPU.ActiveCfg = Debug|Any CPU
		{FDA464DC-20B9-4CB5-B8EF-F5E23B067E2E}.Debug|Any CPU.Build.0 = Debug|Any CPU
		{FDA464DC-20B9-4CB5-B8EF-F5E23B067E2E}.Release|Any CPU.ActiveCfg = Release|Any CPU
		{FDA464DC-20B9-4CB5-B8EF-F5E23B067E2E}.Release|Any CPU.Build.0 = Release|Any CPU
	EndGlobalSection
	GlobalSection(SolutionProperties) = preSolution
		HideSolutionNode = FALSE
	EndGlobalSection
	GlobalSection(ExtensibilityGlobals) = postSolution
		SolutionGuid = {EBD2DEAE-44B4-4C5C-9ECE-07F0F677BEE4}
	EndGlobalSection
EndGlobal
