
Microsoft Visual Studio Solution File, Format Version 12.00
# Visual Studio 15
VisualStudioVersion = 15.0.28307.136
MinimumVisualStudioVersion = 10.0.40219.1
Project("{FAE04EC0-301F-11D3-BF4B-00C04F79EFBC}") = "Ejer5.1", "Ejer5.1\Ejer5.1.csproj", "{8CBCCA2C-9EC6-47F2-A3D3-0D3E9BDE3E59}"
EndProject
Global
	GlobalSection(SolutionConfigurationPlatforms) = preSolution
		Debug|Any CPU = Debug|Any CPU
		Release|Any CPU = Release|Any CPU
	EndGlobalSection
	GlobalSection(ProjectConfigurationPlatforms) = postSolution
		{8CBCCA2C-9EC6-47F2-A3D3-0D3E9BDE3E59}.Debug|Any CPU.ActiveCfg = Debug|Any CPU
		{8CBCCA2C-9EC6-47F2-A3D3-0D3E9BDE3E59}.Debug|Any CPU.Build.0 = Debug|Any CPU
		{8CBCCA2C-9EC6-47F2-A3D3-0D3E9BDE3E59}.Release|Any CPU.ActiveCfg = Release|Any CPU
		{8CBCCA2C-9EC6-47F2-A3D3-0D3E9BDE3E59}.Release|Any CPU.Build.0 = Release|Any CPU
	EndGlobalSection
	GlobalSection(SolutionProperties) = preSolution
		HideSolutionNode = FALSE
	EndGlobalSection
	GlobalSection(ExtensibilityGlobals) = postSolution
		SolutionGuid = {81D609C7-04A4-4192-A4B0-F0C08F800C2D}
	EndGlobalSection
EndGlobal
