
Microsoft Visual Studio Solution File, Format Version 12.00
# Visual Studio Version 16
VisualStudioVersion = 16.0.29306.81
MinimumVisualStudioVersion = 10.0.40219.1
Project("{FAE04EC0-301F-11D3-BF4B-00C04F79EFBC}") = "06Editor", "06Editor.csproj", "{6FB6AD71-CC35-4773-9A38-0497B1E43042}"
EndProject
Global
	GlobalSection(SolutionConfigurationPlatforms) = preSolution
		Debug|Any CPU = Debug|Any CPU
		Release|Any CPU = Release|Any CPU
	EndGlobalSection
	GlobalSection(ProjectConfigurationPlatforms) = postSolution
		{6FB6AD71-CC35-4773-9A38-0497B1E43042}.Debug|Any CPU.ActiveCfg = Debug|Any CPU
		{6FB6AD71-CC35-4773-9A38-0497B1E43042}.Debug|Any CPU.Build.0 = Debug|Any CPU
		{6FB6AD71-CC35-4773-9A38-0497B1E43042}.Release|Any CPU.ActiveCfg = Release|Any CPU
		{6FB6AD71-CC35-4773-9A38-0497B1E43042}.Release|Any CPU.Build.0 = Release|Any CPU
	EndGlobalSection
	GlobalSection(SolutionProperties) = preSolution
		HideSolutionNode = FALSE
	EndGlobalSection
	GlobalSection(ExtensibilityGlobals) = postSolution
		SolutionGuid = {79884BFF-25CE-4D37-8244-9F3075E1E270}
	EndGlobalSection
EndGlobal
