
Microsoft Visual Studio Solution File, Format Version 12.00
# Visual Studio Version 16
VisualStudioVersion = 16.0.29418.71
MinimumVisualStudioVersion = 10.0.40219.1
Project("{FAE04EC0-301F-11D3-BF4B-00C04F79EFBC}") = "08EditorGrafico", "08EditorGrafico\08EditorGrafico.csproj", "{5C889A87-72F1-4FEB-956B-8D2B91CD44A5}"
EndProject
Global
	GlobalSection(SolutionConfigurationPlatforms) = preSolution
		Debug|Any CPU = Debug|Any CPU
		Release|Any CPU = Release|Any CPU
	EndGlobalSection
	GlobalSection(ProjectConfigurationPlatforms) = postSolution
		{5C889A87-72F1-4FEB-956B-8D2B91CD44A5}.Debug|Any CPU.ActiveCfg = Debug|Any CPU
		{5C889A87-72F1-4FEB-956B-8D2B91CD44A5}.Debug|Any CPU.Build.0 = Debug|Any CPU
		{5C889A87-72F1-4FEB-956B-8D2B91CD44A5}.Release|Any CPU.ActiveCfg = Release|Any CPU
		{5C889A87-72F1-4FEB-956B-8D2B91CD44A5}.Release|Any CPU.Build.0 = Release|Any CPU
	EndGlobalSection
	GlobalSection(SolutionProperties) = preSolution
		HideSolutionNode = FALSE
	EndGlobalSection
	GlobalSection(ExtensibilityGlobals) = postSolution
		SolutionGuid = {495A2869-9EDE-49EE-BE3E-2AB483B22825}
	EndGlobalSection
EndGlobal
