
Microsoft Visual Studio Solution File, Format Version 12.00
# Visual Studio 15
VisualStudioVersion = 15.0.28307.136
MinimumVisualStudioVersion = 10.0.40219.1
Project("{FAE04EC0-301F-11D3-BF4B-00C04F79EFBC}") = "Ejer4", "Ejer4\Ejer4.csproj", "{685C58B4-ACC8-4682-B2A2-7B8452555606}"
EndProject
Global
	GlobalSection(SolutionConfigurationPlatforms) = preSolution
		Debug|Any CPU = Debug|Any CPU
		Release|Any CPU = Release|Any CPU
	EndGlobalSection
	GlobalSection(ProjectConfigurationPlatforms) = postSolution
		{685C58B4-ACC8-4682-B2A2-7B8452555606}.Debug|Any CPU.ActiveCfg = Debug|Any CPU
		{685C58B4-ACC8-4682-B2A2-7B8452555606}.Debug|Any CPU.Build.0 = Debug|Any CPU
		{685C58B4-ACC8-4682-B2A2-7B8452555606}.Release|Any CPU.ActiveCfg = Release|Any CPU
		{685C58B4-ACC8-4682-B2A2-7B8452555606}.Release|Any CPU.Build.0 = Release|Any CPU
	EndGlobalSection
	GlobalSection(SolutionProperties) = preSolution
		HideSolutionNode = FALSE
	EndGlobalSection
	GlobalSection(ExtensibilityGlobals) = postSolution
		SolutionGuid = {E1D333F3-9EC5-41ED-A98B-A9FF5652D1A4}
	EndGlobalSection
EndGlobal
