
Microsoft Visual Studio Solution File, Format Version 12.00
# Visual Studio 15
VisualStudioVersion = 15.0.28307.852
MinimumVisualStudioVersion = 10.0.40219.1
Project("{FAE04EC0-301F-11D3-BF4B-00C04F79EFBC}") = "03listasymenus", "03listasymenus\03listasymenus.csproj", "{8FDFFA8B-B19B-47E0-8898-07C75E894228}"
EndProject
Global
	GlobalSection(SolutionConfigurationPlatforms) = preSolution
		Debug|Any CPU = Debug|Any CPU
		Release|Any CPU = Release|Any CPU
	EndGlobalSection
	GlobalSection(ProjectConfigurationPlatforms) = postSolution
		{8FDFFA8B-B19B-47E0-8898-07C75E894228}.Debug|Any CPU.ActiveCfg = Debug|Any CPU
		{8FDFFA8B-B19B-47E0-8898-07C75E894228}.Debug|Any CPU.Build.0 = Debug|Any CPU
		{8FDFFA8B-B19B-47E0-8898-07C75E894228}.Release|Any CPU.ActiveCfg = Release|Any CPU
		{8FDFFA8B-B19B-47E0-8898-07C75E894228}.Release|Any CPU.Build.0 = Release|Any CPU
	EndGlobalSection
	GlobalSection(SolutionProperties) = preSolution
		HideSolutionNode = FALSE
	EndGlobalSection
	GlobalSection(ExtensibilityGlobals) = postSolution
		SolutionGuid = {2B4801EF-6619-4DC8-A0D5-C0D538E45E1D}
	EndGlobalSection
EndGlobal
